
Microsoft Visual Studio Solution File, Format Version 12.00
# Visual Studio Version 17
VisualStudioVersion = 17.3.32825.248
MinimumVisualStudioVersion = 10.0.40219.1
Project("{8BC9CEB8-8B4A-11D0-8D11-00A0C91BC942}") = "Project1", "Project2\Project2.vcxproj", "{9A8671BC-9416-4EBD-95BE-D8749F34CF5A}"
EndProject
Project("{8BC9CEB8-8B4A-11D0-8D11-00A0C91BC942}") = "Project2", "Project3\Project3.vcxproj", "{4D6783C6-92A7-405E-A3C6-75C5F24D4877}"
EndProject
Project("{8BC9CEB8-8B4A-11D0-8D11-00A0C91BC942}") = "Project3", "Project4\Project4.vcxproj", "{337E0B27-02C2-4DB9-9242-105168DF51B5}"
EndProject
Project("{8BC9CEB8-8B4A-11D0-8D11-00A0C91BC942}") = "Project4", "Project5\Project5.vcxproj", "{AA65C817-B4D4-4D6B-B10E-EDB84CD3DC33}"
EndProject
Project("{8BC9CEB8-8B4A-11D0-8D11-00A0C91BC942}") = "Project5", "Project6\Project6.vcxproj", "{257BBDC3-E8B9-4FC1-806A-0981363DA5D1}"
EndProject
Project("{8BC9CEB8-8B4A-11D0-8D11-00A0C91BC942}") = "Project7", "Project7\Project7.vcxproj", "{C8B91541-1A84-4623-8274-B831AB42E093}"
EndProject
Project("{8BC9CEB8-8B4A-11D0-8D11-00A0C91BC942}") = "Project8", "Project8\Project8.vcxproj", "{77D4963F-575C-4016-9E49-2C92ACF28F58}"
EndProject
Project("{8BC9CEB8-8B4A-11D0-8D11-00A0C91BC942}") = "Project9", "Project9\Project9.vcxproj", "{DEEA218D-E4A1-42F7-A33C-8FA2D2A467D6}"
EndProject
Project("{8BC9CEB8-8B4A-11D0-8D11-00A0C91BC942}") = "Project10", "Project10\Project10.vcxproj", "{65E3C679-398A-4452-B97C-64234DB39957}"
EndProject
Project("{8BC9CEB8-8B4A-11D0-8D11-00A0C91BC942}") = "Project11", "Project11\Project11.vcxproj", "{FABDF059-CA8E-4605-BEF8-2C62EED588B4}"
EndProject
Project("{8BC9CEB8-8B4A-11D0-8D11-00A0C91BC942}") = "Project12", "Project12\Project12.vcxproj", "{8F5B842C-4A89-4CCC-B69F-06FB0153D3E5}"
EndProject
Project("{8BC9CEB8-8B4A-11D0-8D11-00A0C91BC942}") = "Project13", "Project13\Project13.vcxproj", "{FFBF210C-9797-4F43-994E-8FD2AC0D7E2E}"
EndProject
Global
	GlobalSection(SolutionConfigurationPlatforms) = preSolution
		Debug|x64 = Debug|x64
		Debug|x86 = Debug|x86
		Release|x64 = Release|x64
		Release|x86 = Release|x86
	EndGlobalSection
	GlobalSection(ProjectConfigurationPlatforms) = postSolution
		{9A8671BC-9416-4EBD-95BE-D8749F34CF5A}.Debug|x64.ActiveCfg = Debug|x64
		{9A8671BC-9416-4EBD-95BE-D8749F34CF5A}.Debug|x64.Build.0 = Debug|x64
		{9A8671BC-9416-4EBD-95BE-D8749F34CF5A}.Debug|x86.ActiveCfg = Debug|Win32
		{9A8671BC-9416-4EBD-95BE-D8749F34CF5A}.Debug|x86.Build.0 = Debug|Win32
		{9A8671BC-9416-4EBD-95BE-D8749F34CF5A}.Release|x64.ActiveCfg = Release|x64
		{9A8671BC-9416-4EBD-95BE-D8749F34CF5A}.Release|x64.Build.0 = Release|x64
		{9A8671BC-9416-4EBD-95BE-D8749F34CF5A}.Release|x86.ActiveCfg = Release|Win32
		{9A8671BC-9416-4EBD-95BE-D8749F34CF5A}.Release|x86.Build.0 = Release|Win32
		{4D6783C6-92A7-405E-A3C6-75C5F24D4877}.Debug|x64.ActiveCfg = Debug|x64
		{4D6783C6-92A7-405E-A3C6-75C5F24D4877}.Debug|x64.Build.0 = Debug|x64
		{4D6783C6-92A7-405E-A3C6-75C5F24D4877}.Debug|x86.ActiveCfg = Debug|Win32
		{4D6783C6-92A7-405E-A3C6-75C5F24D4877}.Debug|x86.Build.0 = Debug|Win32
		{4D6783C6-92A7-405E-A3C6-75C5F24D4877}.Release|x64.ActiveCfg = Release|x64
		{4D6783C6-92A7-405E-A3C6-75C5F24D4877}.Release|x64.Build.0 = Release|x64
		{4D6783C6-92A7-405E-A3C6-75C5F24D4877}.Release|x86.ActiveCfg = Release|Win32
		{4D6783C6-92A7-405E-A3C6-75C5F24D4877}.Release|x86.Build.0 = Release|Win32
		{337E0B27-02C2-4DB9-9242-105168DF51B5}.Debug|x64.ActiveCfg = Debug|x64
		{337E0B27-02C2-4DB9-9242-105168DF51B5}.Debug|x64.Build.0 = Debug|x64
		{337E0B27-02C2-4DB9-9242-105168DF51B5}.Debug|x86.ActiveCfg = Debug|Win32
		{337E0B27-02C2-4DB9-9242-105168DF51B5}.Debug|x86.Build.0 = Debug|Win32
		{337E0B27-02C2-4DB9-9242-105168DF51B5}.Release|x64.ActiveCfg = Release|x64
		{337E0B27-02C2-4DB9-9242-105168DF51B5}.Release|x64.Build.0 = Release|x64
		{337E0B27-02C2-4DB9-9242-105168DF51B5}.Release|x86.ActiveCfg = Release|Win32
		{337E0B27-02C2-4DB9-9242-105168DF51B5}.Release|x86.Build.0 = Release|Win32
		{AA65C817-B4D4-4D6B-B10E-EDB84CD3DC33}.Debug|x64.ActiveCfg = Debug|x64
		{AA65C817-B4D4-4D6B-B10E-EDB84CD3DC33}.Debug|x64.Build.0 = Debug|x64
		{AA65C817-B4D4-4D6B-B10E-EDB84CD3DC33}.Debug|x86.ActiveCfg = Debug|Win32
		{AA65C817-B4D4-4D6B-B10E-EDB84CD3DC33}.Debug|x86.Build.0 = Debug|Win32
		{AA65C817-B4D4-4D6B-B10E-EDB84CD3DC33}.Release|x64.ActiveCfg = Release|x64
		{AA65C817-B4D4-4D6B-B10E-EDB84CD3DC33}.Release|x64.Build.0 = Release|x64
		{AA65C817-B4D4-4D6B-B10E-EDB84CD3DC33}.Release|x86.ActiveCfg = Release|Win32
		{AA65C817-B4D4-4D6B-B10E-EDB84CD3DC33}.Release|x86.Build.0 = Release|Win32
		{257BBDC3-E8B9-4FC1-806A-0981363DA5D1}.Debug|x64.ActiveCfg = Debug|x64
		{257BBDC3-E8B9-4FC1-806A-0981363DA5D1}.Debug|x64.Build.0 = Debug|x64
		{257BBDC3-E8B9-4FC1-806A-0981363DA5D1}.Debug|x86.ActiveCfg = Debug|Win32
		{257BBDC3-E8B9-4FC1-806A-0981363DA5D1}.Debug|x86.Build.0 = Debug|Win32
		{257BBDC3-E8B9-4FC1-806A-0981363DA5D1}.Release|x64.ActiveCfg = Release|x64
		{257BBDC3-E8B9-4FC1-806A-0981363DA5D1}.Release|x64.Build.0 = Release|x64
		{257BBDC3-E8B9-4FC1-806A-0981363DA5D1}.Release|x86.ActiveCfg = Release|Win32
		{257BBDC3-E8B9-4FC1-806A-0981363DA5D1}.Release|x86.Build.0 = Release|Win32
		{C8B91541-1A84-4623-8274-B831AB42E093}.Debug|x64.ActiveCfg = Debug|x64
		{C8B91541-1A84-4623-8274-B831AB42E093}.Debug|x64.Build.0 = Debug|x64
		{C8B91541-1A84-4623-8274-B831AB42E093}.Debug|x86.ActiveCfg = Debug|Win32
		{C8B91541-1A84-4623-8274-B831AB42E093}.Debug|x86.Build.0 = Debug|Win32
		{C8B91541-1A84-4623-8274-B831AB42E093}.Release|x64.ActiveCfg = Release|x64
		{C8B91541-1A84-4623-8274-B831AB42E093}.Release|x64.Build.0 = Release|x64
		{C8B91541-1A84-4623-8274-B831AB42E093}.Release|x86.ActiveCfg = Release|Win32
		{C8B91541-1A84-4623-8274-B831AB42E093}.Release|x86.Build.0 = Release|Win32
		{77D4963F-575C-4016-9E49-2C92ACF28F58}.Debug|x64.ActiveCfg = Debug|x64
		{77D4963F-575C-4016-9E49-2C92ACF28F58}.Debug|x64.Build.0 = Debug|x64
		{77D4963F-575C-4016-9E49-2C92ACF28F58}.Debug|x86.ActiveCfg = Debug|Win32
		{77D4963F-575C-4016-9E49-2C92ACF28F58}.Debug|x86.Build.0 = Debug|Win32
		{77D4963F-575C-4016-9E49-2C92ACF28F58}.Release|x64.ActiveCfg = Release|x64
		{77D4963F-575C-4016-9E49-2C92ACF28F58}.Release|x64.Build.0 = Release|x64
		{77D4963F-575C-4016-9E49-2C92ACF28F58}.Release|x86.ActiveCfg = Release|Win32
		{77D4963F-575C-4016-9E49-2C92ACF28F58}.Release|x86.Build.0 = Release|Win32
		{DEEA218D-E4A1-42F7-A33C-8FA2D2A467D6}.Debug|x64.ActiveCfg = Debug|x64
		{DEEA218D-E4A1-42F7-A33C-8FA2D2A467D6}.Debug|x64.Build.0 = Debug|x64
		{DEEA218D-E4A1-42F7-A33C-8FA2D2A467D6}.Debug|x86.ActiveCfg = Debug|Win32
		{DEEA218D-E4A1-42F7-A33C-8FA2D2A467D6}.Debug|x86.Build.0 = Debug|Win32
		{DEEA218D-E4A1-42F7-A33C-8FA2D2A467D6}.Release|x64.ActiveCfg = Release|x64
		{DEEA218D-E4A1-42F7-A33C-8FA2D2A467D6}.Release|x64.Build.0 = Release|x64
		{DEEA218D-E4A1-42F7-A33C-8FA2D2A467D6}.Release|x86.ActiveCfg = Release|Win32
		{DEEA218D-E4A1-42F7-A33C-8FA2D2A467D6}.Release|x86.Build.0 = Release|Win32
		{65E3C679-398A-4452-B97C-64234DB39957}.Debug|x64.ActiveCfg = Debug|x64
		{65E3C679-398A-4452-B97C-64234DB39957}.Debug|x64.Build.0 = Debug|x64
		{65E3C679-398A-4452-B97C-64234DB39957}.Debug|x86.ActiveCfg = Debug|Win32
		{65E3C679-398A-4452-B97C-64234DB39957}.Debug|x86.Build.0 = Debug|Win32
		{65E3C679-398A-4452-B97C-64234DB39957}.Release|x64.ActiveCfg = Release|x64
		{65E3C679-398A-4452-B97C-64234DB39957}.Release|x64.Build.0 = Release|x64
		{65E3C679-398A-4452-B97C-64234DB39957}.Release|x86.ActiveCfg = Release|Win32
		{65E3C679-398A-4452-B97C-64234DB39957}.Release|x86.Build.0 = Release|Win32
		{FABDF059-CA8E-4605-BEF8-2C62EED588B4}.Debug|x64.ActiveCfg = Debug|x64
		{FABDF059-CA8E-4605-BEF8-2C62EED588B4}.Debug|x64.Build.0 = Debug|x64
		{FABDF059-CA8E-4605-BEF8-2C62EED588B4}.Debug|x86.ActiveCfg = Debug|Win32
		{FABDF059-CA8E-4605-BEF8-2C62EED588B4}.Debug|x86.Build.0 = Debug|Win32
		{FABDF059-CA8E-4605-BEF8-2C62EED588B4}.Release|x64.ActiveCfg = Release|x64
		{FABDF059-CA8E-4605-BEF8-2C62EED588B4}.Release|x64.Build.0 = Release|x64
		{FABDF059-CA8E-4605-BEF8-2C62EED588B4}.Release|x86.ActiveCfg = Release|Win32
		{FABDF059-CA8E-4605-BEF8-2C62EED588B4}.Release|x86.Build.0 = Release|Win32
		{8F5B842C-4A89-4CCC-B69F-06FB0153D3E5}.Debug|x64.ActiveCfg = Debug|x64
		{8F5B842C-4A89-4CCC-B69F-06FB0153D3E5}.Debug|x64.Build.0 = Debug|x64
		{8F5B842C-4A89-4CCC-B69F-06FB0153D3E5}.Debug|x86.ActiveCfg = Debug|Win32
		{8F5B842C-4A89-4CCC-B69F-06FB0153D3E5}.Debug|x86.Build.0 = Debug|Win32
		{8F5B842C-4A89-4CCC-B69F-06FB0153D3E5}.Release|x64.ActiveCfg = Release|x64
		{8F5B842C-4A89-4CCC-B69F-06FB0153D3E5}.Release|x64.Build.0 = Release|x64
		{8F5B842C-4A89-4CCC-B69F-06FB0153D3E5}.Release|x86.ActiveCfg = Release|Win32
		{8F5B842C-4A89-4CCC-B69F-06FB0153D3E5}.Release|x86.Build.0 = Release|Win32
		{FFBF210C-9797-4F43-994E-8FD2AC0D7E2E}.Debug|x64.ActiveCfg = Debug|x64
		{FFBF210C-9797-4F43-994E-8FD2AC0D7E2E}.Debug|x64.Build.0 = Debug|x64
		{FFBF210C-9797-4F43-994E-8FD2AC0D7E2E}.Debug|x86.ActiveCfg = Debug|Win32
		{FFBF210C-9797-4F43-994E-8FD2AC0D7E2E}.Debug|x86.Build.0 = Debug|Win32
		{FFBF210C-9797-4F43-994E-8FD2AC0D7E2E}.Release|x64.ActiveCfg = Release|x64
		{FFBF210C-9797-4F43-994E-8FD2AC0D7E2E}.Release|x64.Build.0 = Release|x64
		{FFBF210C-9797-4F43-994E-8FD2AC0D7E2E}.Release|x86.ActiveCfg = Release|Win32
		{FFBF210C-9797-4F43-994E-8FD2AC0D7E2E}.Release|x86.Build.0 = Release|Win32
	EndGlobalSection
	GlobalSection(SolutionProperties) = preSolution
		HideSolutionNode = FALSE
	EndGlobalSection
	GlobalSection(ExtensibilityGlobals) = postSolution
		SolutionGuid = {2B72CF9D-C220-4200-B5AF-EA5BDA67145D}
	EndGlobalSection
EndGlobal
